<?xml version="1.0" encoding="utf-8"?>
<Project ToolsVersion="4.0" xmlns="http://schemas.microsoft.com/developer/msbuild/2003">
  <ItemGroup>
    <Filter Include="Source Files">
      <UniqueIdentifier>{4FC737F1-C7A5-4376-A066-2A32D752A2FF}</UniqueIdentifier>
      <Extensions>cpp;c;cc;cxx;def;odl;idl;hpj;bat;asm;asmx</Extensions>
    </Filter>
    <Filter Include="Header Files">
      <UniqueIdentifier>{93995380-89BD-4b04-88EB-625FBE52EBFB}</UniqueIdentifier>
      <Extensions>h;hpp;hxx;hm;inl;inc;xsd</Extensions>
    </Filter>
    <Filter Include="Resource Files">
      <UniqueIdentifier>{67DA6AB6-F800-4c08-8B7A-83BB121AAD01}</UniqueIdentifier>
      <Extensions>rc;ico;cur;bmp;dlg;rc2;rct;bin;rgs;gif;jpg;jpeg;jpe;resx;tiff;tif;png;wav;mfcribbon-ms</Extensions>
    </Filter>
  </ItemGroup>
  <ItemGroup>
    <None Include="ReadMe.txt" />
    <None Include="res\DnsCache.rc2">
      <Filter>Resource Files</Filter>
    </None>
    <None Include="res\DnsCache.ico">
      <Filter>Resource Files</Filter>
    </None>
    <None Include="res\icon1.ico">
      <Filter>Resource Files</Filter>
    </None>
    <None Include="res\logo.ico">
      <Filter>Resource Files</Filter>
    </None>
    <None Include="res\logo_1.ico">
      <Filter>Resource Files</Filter>
    </None>
    <None Include="res\logo_2.ico">
      <Filter>Resource Files</Filter>
    </None>
    <None Include="res\logo_3.ico">
      <Filter>Resource Files</Filter>
    </None>
    <None Include="res\bitmap1.bmp">
      <Filter>Resource Files</Filter>
    </None>
    <None Include="res\a.bmp">
      <Filter>Resource Files</Filter>
    </None>
  </ItemGroup>
  <ItemGroup>
    <ClInclude Include="DnsCache.h">
      <Filter>Header Files</Filter>
    </ClInclude>
    <ClInclude Include="DnsCacheDlg.h">
      <Filter>Header Files</Filter>
    </ClInclude>
    <ClInclude Include="stdafx.h">
      <Filter>Header Files</Filter>
    </ClInclude>
    <ClInclude Include="targetver.h">
      <Filter>Header Files</Filter>
    </ClInclude>
    <ClInclude Include="Resource.h">
      <Filter>Header Files</Filter>
    </ClInclude>
    <ClInclude Include="DnsHeader.h">
      <Filter>Header Files</Filter>
    </ClInclude>
    <ClInclude Include="IpHeader.h">
      <Filter>Header Files</Filter>
    </ClInclude>
    <ClInclude Include="sqlite3.h">
      <Filter>Header Files</Filter>
    </ClInclude>
    <ClInclude Include="sqlite3i.h">
      <Filter>Header Files</Filter>
    </ClInclude>
    <ClInclude Include="DbSqlite.h">
      <Filter>Header Files</Filter>
    </ClInclude>
    <ClInclude Include="Wmi.h">
      <Filter>Header Files</Filter>
    </ClInclude>
    <ClInclude Include="NicCtrl.h">
      <Filter>Header Files</Filter>
    </ClInclude>
    <ClInclude Include="Public.h">
      <Filter>Header Files</Filter>
    </ClInclude>
    <ClInclude Include="Md5.h">
      <Filter>Header Files</Filter>
    </ClInclude>
    <ClInclude Include="ResizeControl.h">
      <Filter>Header Files</Filter>
    </ClInclude>
    <ClInclude Include="DnsData.h">
      <Filter>Header Files</Filter>
    </ClInclude>
    <ClInclude Include="Flag.h">
      <Filter>Header Files</Filter>
    </ClInclude>
    <ClInclude Include="DnsParser.h">
      <Filter>Header Files</Filter>
    </ClInclude>
  </ItemGroup>
  <ItemGroup>
    <ClCompile Include="DnsCache.cpp">
      <Filter>Source Files</Filter>
    </ClCompile>
    <ClCompile Include="DnsCacheDlg.cpp">
      <Filter>Source Files</Filter>
    </ClCompile>
    <ClCompile Include="stdafx.cpp">
      <Filter>Source Files</Filter>
    </ClCompile>
    <ClCompile Include="DbSqlite.cpp">
      <Filter>Source Files</Filter>
    </ClCompile>
    <ClCompile Include="Wmi.cpp">
      <Filter>Source Files</Filter>
    </ClCompile>
    <ClCompile Include="NicCtrl.cpp">
      <Filter>Source Files</Filter>
    </ClCompile>
    <ClCompile Include="Public.cpp">
      <Filter>Source Files</Filter>
    </ClCompile>
    <ClCompile Include="Md5.cpp">
      <Filter>Source Files</Filter>
    </ClCompile>
    <ClCompile Include="ResizeControl.cpp">
      <Filter>Source Files</Filter>
    </ClCompile>
    <ClCompile Include="DnsData.cpp">
      <Filter>Source Files</Filter>
    </ClCompile>
    <ClCompile Include="Flag.cpp">
      <Filter>Source Files</Filter>
    </ClCompile>
    <ClCompile Include="DnsParser.cpp">
      <Filter>Source Files</Filter>
    </ClCompile>
  </ItemGroup>
  <ItemGroup>
    <ResourceCompile Include="DnsCache.rc">
      <Filter>Resource Files</Filter>
    </ResourceCompile>
  </ItemGroup>
</Project>